// !$*UTF8*$!
{
	archiveVersion = 1;
	classes = {
	};
	objectVersion = 46;
	objects = {

/* Begin PBXBuildFile section */
		634BE10F1E4CA17B00DAFA96 /* AppDelegate.swift in Sources */ = {isa = PBXBuildFile; fileRef = 634BE10E1E4CA17B00DAFA96 /* AppDelegate.swift */; };
		634BE1111E4CA17B00DAFA96 /* ViewController.swift in Sources */ = {isa = PBXBuildFile; fileRef = 634BE1101E4CA17B00DAFA96 /* ViewController.swift */; };
		634BE1141E4CA17C00DAFA96 /* Main.storyboard in Resources */ = {isa = PBXBuildFile; fileRef = 634BE1121E4CA17C00DAFA96 /* Main.storyboard */; };
		634BE1161E4CA17C00DAFA96 /* Assets.xcassets in Resources */ = {isa = PBXBuildFile; fileRef = 634BE1151E4CA17C00DAFA96 /* Assets.xcassets */; };
		634BE1191E4CA17C00DAFA96 /* LaunchScreen.storyboard in Resources */ = {isa = PBXBuildFile; fileRef = 634BE1171E4CA17C00DAFA96 /* LaunchScreen.storyboard */; };
/* End PBXBuildFile section */

/* Begin PBXFileReference section */
		634BE10B1E4CA17A00DAFA96 /* InteractiveStory.app */ = {isa = PBXFileReference; explicitFileType = wrapper.application; includeInIndex = 0; path = InteractiveStory.app; sourceTree = BUILT_PRODUCTS_DIR; };
		634BE10E1E4CA17B00DAFA96 /* AppDelegate.swift */ = {isa = PBXFileReference; lastKnownFileType = sourcecode.swift; path = AppDelegate.swift; sourceTree = "<group>"; };
		634BE1101E4CA17B00DAFA96 /* ViewController.swift */ = {isa = PBXFileReference; lastKnownFileType = sourcecode.swift; path = ViewController.swift; sourceTree = "<group>"; };
		634BE1131E4CA17C00DAFA96 /* Base */ = {isa = PBXFileReference; lastKnownFileType = file.storyboard; name = Base; path = Base.lproj/Main.storyboard; sourceTree = "<group>"; };
		634BE1151E4CA17C00DAFA96 /* Assets.xcassets */ = {isa = PBXFileReference; lastKnownFileType = folder.assetcatalog; path = Assets.xcassets; sourceTree = "<group>"; };
		634BE1181E4CA17C00DAFA96 /* Base */ = {isa = PBXFileReference; lastKnownFileType = file.storyboard; name = Base; path = Base.lproj/LaunchScreen.storyboard; sourceTree = "<group>"; };
		634BE11A1E4CA17C00DAFA96 /* Info.plist */ = {isa = PBXFileReference; lastKnownFileType = text.plist.xml; path = Info.plist; sourceTree = "<group>"; };
/* End PBXFileReference section */

/* Begin PBXFrameworksBuildPhase section */
		634BE1081E4CA17600DAFA96 /* Frameworks */ = {
			isa = PBXFrameworksBuildPhase;
			buildActionMask = 2147483647;
			files = (
			);
			runOnlyForDeploymentPostprocessing = 0;
		};
/* End PBXFrameworksBuildPhase section */

/* Begin PBXGroup section */
		634BE1021E4CA17500DAFA96 = {
			isa = PBXGroup;
			children = (
				634BE10D1E4CA17A00DAFA96 /* InteractiveStory */,
				634BE10C1E4CA17A00DAFA96 /* Products */,
			);
			sourceTree = "<group>";
		};
		634BE10C1E4CA17A00DAFA96 /* Products */ = {
			isa = PBXGroup;
			children = (
				634BE10B1E4CA17A00DAFA96 /* InteractiveStory.app */,
			);
			name = Products;
			sourceTree = "<group>";
		};
		634BE10D1E4CA17A00DAFA96 /* InteractiveStory */ = {
			isa = PBXGroup;
			children = (
				634BE10E1E4CA17B00DAFA96 /* AppDelegate.swift */,
				634BE1101E4CA17B00DAFA96 /* ViewController.swift */,
				634BE1121E4CA17C00DAFA96 /* Main.storyboard */,
				634BE1151E4CA17C00DAFA96 /* Assets.xcassets */,
				634BE1171E4CA17C00DAFA96 /* LaunchScreen.storyboard */,
				634BE11A1E4CA17C00DAFA96 /* Info.plist */,
			);
			path = InteractiveStory;
			sourceTree = "<group>";
		};
/* End PBXGroup section */

/* Begin PBXNativeTarget section */
		634BE10A1E4CA17600DAFA96 /* InteractiveStory */ = {
			isa = PBXNativeTarget;
			buildConfigurationList = 634BE11D1E4CA17C00DAFA96 /* Build configuration list for PBXNativeTarget "InteractiveStory" */;
			buildPhases = (
				634BE1071E4CA17600DAFA96 /* Sources */,
				634BE1081E4CA17600DAFA96 /* Frameworks */,
				634BE1091E4CA17600DAFA96 /* Resources */,
			);
			buildRules = (
			);
			dependencies = (
			);
			name = InteractiveStory;
			productName = InteractiveStory;
			productReference = 634BE10B1E4CA17A00DAFA96 /* InteractiveStory.app */;
			productType = "com.apple.product-type.application";
		};
/* End PBXNativeTarget section */

/* Begin PBXProject section */
		634BE1031E4CA17500DAFA96 /* Project object */ = {
			isa = PBXProject;
			attributes = {
				LastSwiftUpdateCheck = 0820;
				LastUpgradeCheck = 0820;
				ORGANIZATIONNAME = Neptune;
				TargetAttributes = {
					634BE10A1E4CA17600DAFA96 = {
						CreatedOnToolsVersion = 8.2.1;
						DevelopmentTeam = 5V273URY46;
						ProvisioningStyle = Automatic;
					};
				};
			};
			buildConfigurationList = 634BE1061E4CA17500DAFA96 /* Build configuration list for PBXProject "InteractiveStory" */;
			compatibilityVersion = "Xcode 3.2";
			developmentRegion = English;
			hasScannedForEncodings = 0;
			knownRegions = (
				en,
				Base,
			);
			mainGroup = 634BE1021E4CA17500DAFA96;
			productRefGroup = 634BE10C1E4CA17A00DAFA96 /* Products */;
			projectDirPath = "";
			projectRoot = "";
			targets = (
				634BE10A1E4CA17600DAFA96 /* InteractiveStory */,
			);
		};
/* End PBXProject section */

/* Begin PBXResourcesBuildPhase section */
		634BE1091E4CA17600DAFA96 /* Resources */ = {
			isa = PBXResourcesBuildPhase;
			buildActionMask = 2147483647;
			files = (
				634BE1191E4CA17C00DAFA96 /* LaunchScreen.storyboard in Resources */,
				634BE1161E4CA17C00DAFA96 /* Assets.xcassets in Resources */,
				634BE1141E4CA17C00DAFA96 /* Main.storyboard in Resources */,
			);
			runOnlyForDeploymentPostprocessing = 0;
		};
/* End PBXResourcesBuildPhase section */

/* Begin PBXSourcesBuildPhase section */
		634BE1071E4CA17600DAFA96 /* Sources */ = {
			isa = PBXSourcesBuildPhase;
			buildActionMask = 2147483647;
			files = (
				634BE1111E4CA17B00DAFA96 /* ViewController.swift in Sources */,
				634BE10F1E4CA17B00DAFA96 /* AppDelegate.swift in Sources */,
			);
			runOnlyForDeploymentPostprocessing = 0;
		};
/* End PBXSourcesBuildPhase section */

/* Begin PBXVariantGroup section */
		634BE1121E4CA17C00DAFA96 /* Main.storyboard */ = {
			isa = PBXVariantGroup;
			children = (
				634BE1131E4CA17C00DAFA96 /* Base */,
			);
			name = Main.storyboard;
			sourceTree = "<group>";
		};
		634BE1171E4CA17C00DAFA96 /* LaunchScreen.storyboard */ = {
			isa = PBXVariantGroup;
			children = (
				634BE1181E4CA17C00DAFA96 /* Base */,
			);
			name = LaunchScreen.storyboard;
			sourceTree = "<group>";
		};
/* End PBXVariantGroup section */

/* Begin XCBuildConfiguration section */
		634BE11B1E4CA17C00DAFA96 /* Debug */ = {
			isa = XCBuildConfiguration;
			buildSettings = {
				ALWAYS_SEARCH_USER_PATHS = NO;
				CLANG_ANALYZER_NONNULL = YES;
				CLANG_CXX_LANGUAGE_STANDARD = "gnu++0x";
				CLANG_CXX_LIBRARY = "libc++";
				CLANG_ENABLE_MODULES = YES;
				CLANG_ENABLE_OBJC_ARC = YES;
				CLANG_WARN_BOOL_CONVERSION = YES;
				CLANG_WARN_CONSTANT_CONVERSION = YES;
				CLANG_WARN_DIRECT_OBJC_ISA_USAGE = YES_ERROR;
				CLANG_WARN_DOCUMENTATION_COMMENTS = YES;
				CLANG_WARN_EMPTY_BODY = YES;
				CLANG_WARN_ENUM_CONVERSION = YES;
				CLANG_WARN_INFINITE_RECURSION = YES;
				CLANG_WARN_INT_CONVERSION = YES;
				CLANG_WARN_OBJC_ROOT_CLASS = YES_ERROR;
				CLANG_WARN_SUSPICIOUS_MOVE = YES;
				CLANG_WARN_UNREACHABLE_CODE = YES;
				CLANG_WARN__DUPLICATE_METHOD_MATCH = YES;
				"CODE_SIGN_IDENTITY[sdk=iphoneos*]" = "iPhone Developer";
				COPY_PHASE_STRIP = NO;
				DEBUG_INFORMATION_FORMAT = dwarf;
				ENABLE_STRICT_OBJC_MSGSEND = YES;
				ENABLE_TESTABILITY = YES;
				GCC_C_LANGUAGE_STANDARD = gnu99;
				GCC_DYNAMIC_NO_PIC = NO;
				GCC_NO_COMMON_BLOCKS = YES;
				GCC_OPTIMIZATION_LEVEL = 0;
				GCC_PREPROCESSOR_DEFINITIONS = (
					"DEBUG=1",
					"$(inherited)",
				);
				GCC_WARN_64_TO_32_BIT_CONVERSION = YES;
				GCC_WARN_ABOUT_RETURN_TYPE = YES_ERROR;
				GCC_WARN_UNDECLARED_SELECTOR = YES;
				GCC_WARN_UNINITIALIZED_AUTOS = YES_AGGRESSIVE;
				GCC_WARN_UNUSED_FUNCTION = YES;
				GCC_WARN_UNUSED_VARIABLE = YES;
				IPHONEOS_DEPLOYMENT_TARGET = 10.2;
				MTL_ENABLE_DEBUG_INFO = YES;
				ONLY_ACTIVE_ARCH = YES;
				SDKROOT = iphoneos;
				SWIFT_ACTIVE_COMPILATION_CONDITIONS = DEBUG;
				SWIFT_OPTIMIZATION_LEVEL = "-Onone";
				TARGETED_DEVICE_FAMILY = "1,2";
			};
			name = Debug;
		};
		634BE11C1E4CA17C00DAFA96 /* Release */ = {
			isa = XCBuildConfiguration;
			buildSettings = {
				ALWAYS_SEARCH_USER_PATHS = NO;
				CLANG_ANALYZER_NONNULL = YES;
				CLANG_CXX_LANGUAGE_STANDARD = "gnu++0x";
				CLANG_CXX_LIBRARY = "libc++";
				CLANG_ENABLE_MODULES = YES;
				CLANG_ENABLE_OBJC_ARC = YES;
				CLANG_WARN_BOOL_CONVERSION = YES;
				CLANG_WARN_CONSTANT_CONVERSION = YES;
				CLANG_WARN_DIRECT_OBJC_ISA_USAGE = YES_ERROR;
				CLANG_WARN_DOCUMENTATION_COMMENTS = YES;
				CLANG_WARN_EMPTY_BODY = YES;
				CLANG_WARN_ENUM_CONVERSION = YES;
				CLANG_WARN_INFINITE_RECURSION = YES;
				CLANG_WARN_INT_CONVERSION = YES;
				CLANG_WARN_OBJC_ROOT_CLASS = YES_ERROR;
				CLANG_WARN_SUSPICIOUS_MOVE = YES;
				CLANG_WARN_UNREACHABLE_CODE = YES;
				CLANG_WARN__DUPLICATE_METHOD_MATCH = YES;
				"CODE_SIGN_IDENTITY[sdk=iphoneos*]" = "iPhone Developer";
				COPY_PHASE_STRIP = NO;
				DEBUG_INFORMATION_FORMAT = "dwarf-with-dsym";
				ENABLE_NS_ASSERTIONS = NO;
				ENABLE_STRICT_OBJC_MSGSEND = YES;
				GCC_C_LANGUAGE_STANDARD = gnu99;
				GCC_NO_COMMON_BLOCKS = YES;
				GCC_WARN_64_TO_32_BIT_CONVERSION = YES;
				GCC_WARN_ABOUT_RETURN_TYPE = YES_ERROR;
				GCC_WARN_UNDECLARED_SELECTOR = YES;
				GCC_WARN_UNINITIALIZED_AUTOS = YES_AGGRESSIVE;
				GCC_WARN_UNUSED_FUNCTION = YES;
				GCC_WARN_UNUSED_VARIABLE = YES;
				IPHONEOS_DEPLOYMENT_TARGET = 10.2;
				MTL_ENABLE_DEBUG_INFO = NO;
				SDKROOT = iphoneos;
				SWIFT_OPTIMIZATION_LEVEL = "-Owholemodule";
				TARGETED_DEVICE_FAMILY = "1,2";
				VALIDATE_PRODUCT = YES;
			};
			name = Release;
		};
		634BE11E1E4CA17C00DAFA96 /* Debug */ = {
			isa = XCBuildConfiguration;
			buildSettings = {
				ASSETCATALOG_COMPILER_APPICON_NAME = AppIcon;
				DEVELOPMENT_TEAM = 5V273URY46;
				INFOPLIST_FILE = InteractiveStory/Info.plist;
				LD_RUNPATH_SEARCH_PATHS = "$(inherited) @executable_path/Frameworks";
				PRODUCT_BUNDLE_IDENTIFIER = com.Titan.InteractiveStory;
				PRODUCT_NAME = "$(TARGET_NAME)";
				SWIFT_VERSION = 3.0;
			};
			name = Debug;
		};
		634BE11F1E4CA17C00DAFA96 /* Release */ = {
			isa = XCBuildConfiguration;
			buildSettings = {
				ASSETCATALOG_COMPILER_APPICON_NAME = AppIcon;
				DEVELOPMENT_TEAM = 5V273URY46;
				INFOPLIST_FILE = InteractiveStory/Info.plist;
				LD_RUNPATH_SEARCH_PATHS = "$(inherited) @executable_path/Frameworks";
				PRODUCT_BUNDLE_IDENTIFIER = com.Titan.InteractiveStory;
				PRODUCT_NAME = "$(TARGET_NAME)";
				SWIFT_VERSION = 3.0;
			};
			name = Release;
		};
/* End XCBuildConfiguration section */

/* Begin XCConfigurationList section */
		634BE1061E4CA17500DAFA96 /* Build configuration list for PBXProject "InteractiveStory" */ = {
			isa = XCConfigurationList;
			buildConfigurations = (
				634BE11B1E4CA17C00DAFA96 /* Debug */,
				634BE11C1E4CA17C00DAFA96 /* Release */,
			);
			defaultConfigurationIsVisible = 0;
			defaultConfigurationName = Release;
		};
		634BE11D1E4CA17C00DAFA96 /* Build configuration list for PBXNativeTarget "InteractiveStory" */ = {
			isa = XCConfigurationList;
			buildConfigurations = (
				634BE11E1E4CA17C00DAFA96 /* Debug */,
				634BE11F1E4CA17C00DAFA96 /* Release */,
			);
			defaultConfigurationIsVisible = 0;
		};
/* End XCConfigurationList section */
	};
	rootObject = 634BE1031E4CA17500DAFA96 /* Project object */;
}
